
Microsoft Visual Studio Solution File, Format Version 12.00
# Visual Studio Version 17
VisualStudioVersion = 17.2.32519.379
MinimumVisualStudioVersion = 10.0.40219.1
Project("{9A19103F-16F7-4668-BE54-9A1E7A4F7556}") = "202209023-IMemoryCache", "202209023-IMemoryCache\202209023-IMemoryCache.csproj", "{BBEDF3F8-0B65-4D0E-97FD-72D9513B5444}"
EndProject
Project("{9A19103F-16F7-4668-BE54-9A1E7A4F7556}") = "202209026-HttpClient", "202209026-HttpClient\202209026-HttpClient.csproj", "{79CBE2E5-BBEF-4191-926E-E0A9EF92FED6}"
EndProject
Project("{9A19103F-16F7-4668-BE54-9A1E7A4F7556}") = "202209027-HttpClient", "202209027-HttpClient\202209027-HttpClient.csproj", "{026C9A3D-3769-4E8D-8BE5-7C1F25A743A7}"
EndProject
Project("{9A19103F-16F7-4668-BE54-9A1E7A4F7556}") = "20220927-Collection", "20220927-Collection\20220927-Collection.csproj", "{8DAA21C6-9DA5-483F-B5B7-4564E6B091AA}"
EndProject
Project("{FAE04EC0-301F-11D3-BF4B-00C04F79EFBC}") = "20220927-Collection-2", "20220927-Collection-2\20220927-Collection-2.csproj", "{18BF94EF-00CA-4CC1-B58B-8ADB1D290CB5}"
EndProject
Global
	GlobalSection(SolutionConfigurationPlatforms) = preSolution
		Debug|Any CPU = Debug|Any CPU
		Release|Any CPU = Release|Any CPU
	EndGlobalSection
	GlobalSection(ProjectConfigurationPlatforms) = postSolution
		{BBEDF3F8-0B65-4D0E-97FD-72D9513B5444}.Debug|Any CPU.ActiveCfg = Debug|Any CPU
		{BBEDF3F8-0B65-4D0E-97FD-72D9513B5444}.Debug|Any CPU.Build.0 = Debug|Any CPU
		{BBEDF3F8-0B65-4D0E-97FD-72D9513B5444}.Release|Any CPU.ActiveCfg = Release|Any CPU
		{BBEDF3F8-0B65-4D0E-97FD-72D9513B5444}.Release|Any CPU.Build.0 = Release|Any CPU
		{79CBE2E5-BBEF-4191-926E-E0A9EF92FED6}.Debug|Any CPU.ActiveCfg = Debug|Any CPU
		{79CBE2E5-BBEF-4191-926E-E0A9EF92FED6}.Debug|Any CPU.Build.0 = Debug|Any CPU
		{79CBE2E5-BBEF-4191-926E-E0A9EF92FED6}.Release|Any CPU.ActiveCfg = Release|Any CPU
		{79CBE2E5-BBEF-4191-926E-E0A9EF92FED6}.Release|Any CPU.Build.0 = Release|Any CPU
		{026C9A3D-3769-4E8D-8BE5-7C1F25A743A7}.Debug|Any CPU.ActiveCfg = Debug|Any CPU
		{026C9A3D-3769-4E8D-8BE5-7C1F25A743A7}.Debug|Any CPU.Build.0 = Debug|Any CPU
		{026C9A3D-3769-4E8D-8BE5-7C1F25A743A7}.Release|Any CPU.ActiveCfg = Release|Any CPU
		{026C9A3D-3769-4E8D-8BE5-7C1F25A743A7}.Release|Any CPU.Build.0 = Release|Any CPU
		{8DAA21C6-9DA5-483F-B5B7-4564E6B091AA}.Debug|Any CPU.ActiveCfg = Debug|Any CPU
		{8DAA21C6-9DA5-483F-B5B7-4564E6B091AA}.Debug|Any CPU.Build.0 = Debug|Any CPU
		{8DAA21C6-9DA5-483F-B5B7-4564E6B091AA}.Release|Any CPU.ActiveCfg = Release|Any CPU
		{8DAA21C6-9DA5-483F-B5B7-4564E6B091AA}.Release|Any CPU.Build.0 = Release|Any CPU
		{18BF94EF-00CA-4CC1-B58B-8ADB1D290CB5}.Debug|Any CPU.ActiveCfg = Debug|Any CPU
		{18BF94EF-00CA-4CC1-B58B-8ADB1D290CB5}.Debug|Any CPU.Build.0 = Debug|Any CPU
		{18BF94EF-00CA-4CC1-B58B-8ADB1D290CB5}.Release|Any CPU.ActiveCfg = Release|Any CPU
		{18BF94EF-00CA-4CC1-B58B-8ADB1D290CB5}.Release|Any CPU.Build.0 = Release|Any CPU
	EndGlobalSection
	GlobalSection(SolutionProperties) = preSolution
		HideSolutionNode = FALSE
	EndGlobalSection
	GlobalSection(ExtensibilityGlobals) = postSolution
		SolutionGuid = {77AF7595-96F0-4F6D-83C0-F1BF2A9A1EBF}
	EndGlobalSection
EndGlobal
